
Microsoft Visual Studio Solution File, Format Version 12.00
# Visual Studio Version 16
VisualStudioVersion = 16.0.28729.10
MinimumVisualStudioVersion = 10.0.40219.1
Project("{FAE04EC0-301F-11D3-BF4B-00C04F79EFBC}") = "ProductosAppM1", "ProductosAppM1\ProductosAppM1.csproj", "{874042DB-2DB1-4207-8095-6B1FC0B9188A}"
EndProject
Project("{FAE04EC0-301F-11D3-BF4B-00C04F79EFBC}") = "Domain", "Domain\Domain.csproj", "{93080F63-C181-4CAD-97FF-40EB7EA87040}"
EndProject
Project("{FAE04EC0-301F-11D3-BF4B-00C04F79EFBC}") = "Infraestructura", "Infraestructura\Infraestructura.csproj", "{9160EF62-9852-43EE-A254-EF33E2634D2E}"
EndProject
Global
	GlobalSection(SolutionConfigurationPlatforms) = preSolution
		Debug|Any CPU = Debug|Any CPU
		Release|Any CPU = Release|Any CPU
	EndGlobalSection
	GlobalSection(ProjectConfigurationPlatforms) = postSolution
		{874042DB-2DB1-4207-8095-6B1FC0B9188A}.Debug|Any CPU.ActiveCfg = Debug|Any CPU
		{874042DB-2DB1-4207-8095-6B1FC0B9188A}.Debug|Any CPU.Build.0 = Debug|Any CPU
		{874042DB-2DB1-4207-8095-6B1FC0B9188A}.Release|Any CPU.ActiveCfg = Release|Any CPU
		{874042DB-2DB1-4207-8095-6B1FC0B9188A}.Release|Any CPU.Build.0 = Release|Any CPU
		{93080F63-C181-4CAD-97FF-40EB7EA87040}.Debug|Any CPU.ActiveCfg = Debug|Any CPU
		{93080F63-C181-4CAD-97FF-40EB7EA87040}.Debug|Any CPU.Build.0 = Debug|Any CPU
		{93080F63-C181-4CAD-97FF-40EB7EA87040}.Release|Any CPU.ActiveCfg = Release|Any CPU
		{93080F63-C181-4CAD-97FF-40EB7EA87040}.Release|Any CPU.Build.0 = Release|Any CPU
		{9160EF62-9852-43EE-A254-EF33E2634D2E}.Debug|Any CPU.ActiveCfg = Debug|Any CPU
		{9160EF62-9852-43EE-A254-EF33E2634D2E}.Debug|Any CPU.Build.0 = Debug|Any CPU
		{9160EF62-9852-43EE-A254-EF33E2634D2E}.Release|Any CPU.ActiveCfg = Release|Any CPU
		{9160EF62-9852-43EE-A254-EF33E2634D2E}.Release|Any CPU.Build.0 = Release|Any CPU
	EndGlobalSection
	GlobalSection(SolutionProperties) = preSolution
		HideSolutionNode = FALSE
	EndGlobalSection
	GlobalSection(ExtensibilityGlobals) = postSolution
		SolutionGuid = {170B52A2-34E1-4D78-BCEE-08266715FAF7}
	EndGlobalSection
EndGlobal
